
Microsoft Visual Studio Solution File, Format Version 12.00
# Visual Studio Version 17
VisualStudioVersion = 17.9.34310.174
MinimumVisualStudioVersion = 10.0.40219.1
Project("{FAE04EC0-301F-11D3-BF4B-00C04F79EFBC}") = "Chat2KnowL.Console", "Chat2KnowL.Console\Chat2KnowL.Console.csproj", "{8BDF639C-7B10-45C1-BA42-0498F0CF1005}"
EndProject
Global
	GlobalSection(SolutionConfigurationPlatforms) = preSolution
		Debug|Any CPU = Debug|Any CPU
		Release|Any CPU = Release|Any CPU
	EndGlobalSection
	GlobalSection(ProjectConfigurationPlatforms) = postSolution
		{8BDF639C-7B10-45C1-BA42-0498F0CF1005}.Debug|Any CPU.ActiveCfg = Debug|Any CPU
		{8BDF639C-7B10-45C1-BA42-0498F0CF1005}.Debug|Any CPU.Build.0 = Debug|Any CPU
		{8BDF639C-7B10-45C1-BA42-0498F0CF1005}.Release|Any CPU.ActiveCfg = Release|Any CPU
		{8BDF639C-7B10-45C1-BA42-0498F0CF1005}.Release|Any CPU.Build.0 = Release|Any CPU
	EndGlobalSection
	GlobalSection(SolutionProperties) = preSolution
		HideSolutionNode = FALSE
	EndGlobalSection
	GlobalSection(ExtensibilityGlobals) = postSolution
		SolutionGuid = {F81AA591-1EBA-4765-9DD3-00069DBF3AF6}
	EndGlobalSection
EndGlobal
